
Microsoft Visual Studio Solution File, Format Version 12.00
# Visual Studio 15
VisualStudioVersion = 15.0.26730.12
MinimumVisualStudioVersion = 10.0.40219.1
Project("{9A19103F-16F7-4668-BE54-9A1E7A4F7556}") = "NoteTaking.WebApi", "NoteTaking.WebApi\NoteTaking.WebApi.csproj", "{9D03B661-7755-4872-81C8-AA0713DE3984}"
EndProject
Project("{9A19103F-16F7-4668-BE54-9A1E7A4F7556}") = "NoteTaking.DataAccess.Contracts", "NoteTaking.DataAccess.Contracts\NoteTaking.DataAccess.Contracts.csproj", "{05CB37A4-4AA1-4F21-B62F-2CE0C89AD3D9}"
EndProject
Project("{9A19103F-16F7-4668-BE54-9A1E7A4F7556}") = "NoteTaking.Service.Contracts", "NoteTaking.Service.Contracts\NoteTaking.Service.Contracts.csproj", "{4E043283-0021-4768-A9C1-931205171173}"
EndProject
Project("{9A19103F-16F7-4668-BE54-9A1E7A4F7556}") = "NoteTaking.Service.Implementation", "NoteTaking.Service.Implementation\NoteTaking.Service.Implementation.csproj", "{205CE9BE-A4EE-4979-AFAE-5DF04BCCADF1}"
EndProject
Project("{9A19103F-16F7-4668-BE54-9A1E7A4F7556}") = "NoteTaking.DataAccess.EfCore", "NoteTaking.DataAccess.EfCore\NoteTaking.DataAccess.EfCore.csproj", "{9B48CEE0-F4CC-48F9-8CE7-3197ED018E61}"
EndProject
Project("{9A19103F-16F7-4668-BE54-9A1E7A4F7556}") = "NoteTaking.Models", "NoteTaking.Models\NoteTaking.Models.csproj", "{185FCFC3-62E6-4314-8CD8-D45191D773C7}"
EndProject
Project("{9A19103F-16F7-4668-BE54-9A1E7A4F7556}") = "NoteTaking.Common", "NoteTaking.Common\NoteTaking.Common.csproj", "{CBE60BCC-522D-4926-B870-99D2898877B8}"
EndProject
Project("{FAE04EC0-301F-11D3-BF4B-00C04F79EFBC}") = "NoteTaking.Wcf.Contracts", "NoteTaking.Wcf.Contracts\NoteTaking.Wcf.Contracts.csproj", "{F0B581C3-93ED-4F4B-BA21-31ADCB102EE9}"
EndProject
Project("{FAE04EC0-301F-11D3-BF4B-00C04F79EFBC}") = "NoteTaking.Wcf.Implementation", "NoteTaking.Wcf.Implementation\NoteTaking.Wcf.Implementation.csproj", "{B24C341C-FBA9-4DF7-B39A-1299BF2223F3}"
EndProject
Project("{FAE04EC0-301F-11D3-BF4B-00C04F79EFBC}") = "NoteTaking.Wcf.Host", "NoteTaking.Wcf.Host\NoteTaking.Wcf.Host.csproj", "{E50BB72E-CE90-4647-B727-346B71AC56D5}"
EndProject
Project("{FAE04EC0-301F-11D3-BF4B-00C04F79EFBC}") = "NoteTaking.Wcf.TestClient", "NoteTaking.Wcf.TestClient\NoteTaking.Wcf.TestClient.csproj", "{E9AE44D0-DEF9-4C45-ACB0-F56B9279FB9B}"
EndProject
Global
	GlobalSection(SolutionConfigurationPlatforms) = preSolution
		Debug|Any CPU = Debug|Any CPU
		Release|Any CPU = Release|Any CPU
	EndGlobalSection
	GlobalSection(ProjectConfigurationPlatforms) = postSolution
		{9D03B661-7755-4872-81C8-AA0713DE3984}.Debug|Any CPU.ActiveCfg = Debug|Any CPU
		{9D03B661-7755-4872-81C8-AA0713DE3984}.Debug|Any CPU.Build.0 = Debug|Any CPU
		{9D03B661-7755-4872-81C8-AA0713DE3984}.Release|Any CPU.ActiveCfg = Release|Any CPU
		{9D03B661-7755-4872-81C8-AA0713DE3984}.Release|Any CPU.Build.0 = Release|Any CPU
		{05CB37A4-4AA1-4F21-B62F-2CE0C89AD3D9}.Debug|Any CPU.ActiveCfg = Debug|Any CPU
		{05CB37A4-4AA1-4F21-B62F-2CE0C89AD3D9}.Debug|Any CPU.Build.0 = Debug|Any CPU
		{05CB37A4-4AA1-4F21-B62F-2CE0C89AD3D9}.Release|Any CPU.ActiveCfg = Release|Any CPU
		{05CB37A4-4AA1-4F21-B62F-2CE0C89AD3D9}.Release|Any CPU.Build.0 = Release|Any CPU
		{4E043283-0021-4768-A9C1-931205171173}.Debug|Any CPU.ActiveCfg = Debug|Any CPU
		{4E043283-0021-4768-A9C1-931205171173}.Debug|Any CPU.Build.0 = Debug|Any CPU
		{4E043283-0021-4768-A9C1-931205171173}.Release|Any CPU.ActiveCfg = Release|Any CPU
		{4E043283-0021-4768-A9C1-931205171173}.Release|Any CPU.Build.0 = Release|Any CPU
		{205CE9BE-A4EE-4979-AFAE-5DF04BCCADF1}.Debug|Any CPU.ActiveCfg = Debug|Any CPU
		{205CE9BE-A4EE-4979-AFAE-5DF04BCCADF1}.Debug|Any CPU.Build.0 = Debug|Any CPU
		{205CE9BE-A4EE-4979-AFAE-5DF04BCCADF1}.Release|Any CPU.ActiveCfg = Release|Any CPU
		{205CE9BE-A4EE-4979-AFAE-5DF04BCCADF1}.Release|Any CPU.Build.0 = Release|Any CPU
		{9B48CEE0-F4CC-48F9-8CE7-3197ED018E61}.Debug|Any CPU.ActiveCfg = Debug|Any CPU
		{9B48CEE0-F4CC-48F9-8CE7-3197ED018E61}.Debug|Any CPU.Build.0 = Debug|Any CPU
		{9B48CEE0-F4CC-48F9-8CE7-3197ED018E61}.Release|Any CPU.ActiveCfg = Release|Any CPU
		{9B48CEE0-F4CC-48F9-8CE7-3197ED018E61}.Release|Any CPU.Build.0 = Release|Any CPU
		{185FCFC3-62E6-4314-8CD8-D45191D773C7}.Debug|Any CPU.ActiveCfg = Debug|Any CPU
		{185FCFC3-62E6-4314-8CD8-D45191D773C7}.Debug|Any CPU.Build.0 = Debug|Any CPU
		{185FCFC3-62E6-4314-8CD8-D45191D773C7}.Release|Any CPU.ActiveCfg = Release|Any CPU
		{185FCFC3-62E6-4314-8CD8-D45191D773C7}.Release|Any CPU.Build.0 = Release|Any CPU
		{CBE60BCC-522D-4926-B870-99D2898877B8}.Debug|Any CPU.ActiveCfg = Debug|Any CPU
		{CBE60BCC-522D-4926-B870-99D2898877B8}.Debug|Any CPU.Build.0 = Debug|Any CPU
		{CBE60BCC-522D-4926-B870-99D2898877B8}.Release|Any CPU.ActiveCfg = Release|Any CPU
		{CBE60BCC-522D-4926-B870-99D2898877B8}.Release|Any CPU.Build.0 = Release|Any CPU
		{F0B581C3-93ED-4F4B-BA21-31ADCB102EE9}.Debug|Any CPU.ActiveCfg = Debug|Any CPU
		{F0B581C3-93ED-4F4B-BA21-31ADCB102EE9}.Debug|Any CPU.Build.0 = Debug|Any CPU
		{F0B581C3-93ED-4F4B-BA21-31ADCB102EE9}.Release|Any CPU.ActiveCfg = Release|Any CPU
		{F0B581C3-93ED-4F4B-BA21-31ADCB102EE9}.Release|Any CPU.Build.0 = Release|Any CPU
		{B24C341C-FBA9-4DF7-B39A-1299BF2223F3}.Debug|Any CPU.ActiveCfg = Debug|Any CPU
		{B24C341C-FBA9-4DF7-B39A-1299BF2223F3}.Debug|Any CPU.Build.0 = Debug|Any CPU
		{B24C341C-FBA9-4DF7-B39A-1299BF2223F3}.Release|Any CPU.ActiveCfg = Release|Any CPU
		{B24C341C-FBA9-4DF7-B39A-1299BF2223F3}.Release|Any CPU.Build.0 = Release|Any CPU
		{E50BB72E-CE90-4647-B727-346B71AC56D5}.Debug|Any CPU.ActiveCfg = Debug|Any CPU
		{E50BB72E-CE90-4647-B727-346B71AC56D5}.Debug|Any CPU.Build.0 = Debug|Any CPU
		{E50BB72E-CE90-4647-B727-346B71AC56D5}.Release|Any CPU.ActiveCfg = Release|Any CPU
		{E50BB72E-CE90-4647-B727-346B71AC56D5}.Release|Any CPU.Build.0 = Release|Any CPU
		{E9AE44D0-DEF9-4C45-ACB0-F56B9279FB9B}.Debug|Any CPU.ActiveCfg = Debug|Any CPU
		{E9AE44D0-DEF9-4C45-ACB0-F56B9279FB9B}.Debug|Any CPU.Build.0 = Debug|Any CPU
		{E9AE44D0-DEF9-4C45-ACB0-F56B9279FB9B}.Release|Any CPU.ActiveCfg = Release|Any CPU
		{E9AE44D0-DEF9-4C45-ACB0-F56B9279FB9B}.Release|Any CPU.Build.0 = Release|Any CPU
	EndGlobalSection
	GlobalSection(SolutionProperties) = preSolution
		HideSolutionNode = FALSE
	EndGlobalSection
	GlobalSection(ExtensibilityGlobals) = postSolution
		SolutionGuid = {A5333F2B-DCC3-47A3-AB36-2DAC2D775BBD}
	EndGlobalSection
EndGlobal
