
Microsoft Visual Studio Solution File, Format Version 12.00
# Visual Studio 15
VisualStudioVersion = 15.0.26730.15
MinimumVisualStudioVersion = 10.0.40219.1
Project("{FAE04EC0-301F-11D3-BF4B-00C04F79EFBC}") = "CassandraHW", "CassandraHW\CassandraHW.csproj", "{C954524A-08CD-49FE-A94D-68C837386F26}"
EndProject
Global
	GlobalSection(SolutionConfigurationPlatforms) = preSolution
		Debug|Any CPU = Debug|Any CPU
		Release|Any CPU = Release|Any CPU
	EndGlobalSection
	GlobalSection(ProjectConfigurationPlatforms) = postSolution
		{C954524A-08CD-49FE-A94D-68C837386F26}.Debug|Any CPU.ActiveCfg = Debug|Any CPU
		{C954524A-08CD-49FE-A94D-68C837386F26}.Debug|Any CPU.Build.0 = Debug|Any CPU
		{C954524A-08CD-49FE-A94D-68C837386F26}.Release|Any CPU.ActiveCfg = Release|Any CPU
		{C954524A-08CD-49FE-A94D-68C837386F26}.Release|Any CPU.Build.0 = Release|Any CPU
	EndGlobalSection
	GlobalSection(SolutionProperties) = preSolution
		HideSolutionNode = FALSE
	EndGlobalSection
	GlobalSection(ExtensibilityGlobals) = postSolution
		SolutionGuid = {DFE2C7E1-1724-41AC-AD43-8F7E34DA4141}
	EndGlobalSection
EndGlobal
